
Microsoft Visual Studio Solution File, Format Version 10.00
# Visual Studio 2008
Project("{FAE04EC0-301F-11D3-BF4B-00C04F79EFBC}") = "13-2", "13-2\13-2.csproj", "{EE8BCD27-BECC-478F-88D0-942610D74D46}"
EndProject
Global
	GlobalSection(SolutionConfigurationPlatforms) = preSolution
		Debug|Any CPU = Debug|Any CPU
		Release|Any CPU = Release|Any CPU
	EndGlobalSection
	GlobalSection(ProjectConfigurationPlatforms) = postSolution
		{EE8BCD27-BECC-478F-88D0-942610D74D46}.Debug|Any CPU.ActiveCfg = Debug|Any CPU
		{EE8BCD27-BECC-478F-88D0-942610D74D46}.Debug|Any CPU.Build.0 = Debug|Any CPU
		{EE8BCD27-BECC-478F-88D0-942610D74D46}.Release|Any CPU.ActiveCfg = Release|Any CPU
		{EE8BCD27-BECC-478F-88D0-942610D74D46}.Release|Any CPU.Build.0 = Release|Any CPU
	EndGlobalSection
	GlobalSection(SolutionProperties) = preSolution
		HideSolutionNode = FALSE
	EndGlobalSection
EndGlobal
