
Microsoft Visual Studio Solution File, Format Version 10.00
# Visual Studio 2008
Project("{FAE04EC0-301F-11D3-BF4B-00C04F79EFBC}") = "24-1", "24-1\24-1.csproj", "{58A067CC-5B06-4F7D-88AF-5F073F9BCFC4}"
EndProject
Project("{FAE04EC0-301F-11D3-BF4B-00C04F79EFBC}") = "Ad", "Ad\Ad.csproj", "{B3196629-F91A-437E-9C5E-8A17CBCD7F48}"
EndProject
Global
	GlobalSection(SolutionConfigurationPlatforms) = preSolution
		Debug|Any CPU = Debug|Any CPU
		Release|Any CPU = Release|Any CPU
	EndGlobalSection
	GlobalSection(ProjectConfigurationPlatforms) = postSolution
		{58A067CC-5B06-4F7D-88AF-5F073F9BCFC4}.Debug|Any CPU.ActiveCfg = Debug|Any CPU
		{58A067CC-5B06-4F7D-88AF-5F073F9BCFC4}.Debug|Any CPU.Build.0 = Debug|Any CPU
		{58A067CC-5B06-4F7D-88AF-5F073F9BCFC4}.Release|Any CPU.ActiveCfg = Release|Any CPU
		{58A067CC-5B06-4F7D-88AF-5F073F9BCFC4}.Release|Any CPU.Build.0 = Release|Any CPU
		{B3196629-F91A-437E-9C5E-8A17CBCD7F48}.Debug|Any CPU.ActiveCfg = Debug|Any CPU
		{B3196629-F91A-437E-9C5E-8A17CBCD7F48}.Debug|Any CPU.Build.0 = Debug|Any CPU
		{B3196629-F91A-437E-9C5E-8A17CBCD7F48}.Release|Any CPU.ActiveCfg = Release|Any CPU
		{B3196629-F91A-437E-9C5E-8A17CBCD7F48}.Release|Any CPU.Build.0 = Release|Any CPU
	EndGlobalSection
	GlobalSection(SolutionProperties) = preSolution
		HideSolutionNode = FALSE
	EndGlobalSection
EndGlobal
