
Microsoft Visual Studio Solution File, Format Version 10.00
# Visual Studio 2008
Project("{FAE04EC0-301F-11D3-BF4B-00C04F79EFBC}") = "9-2", "9-2\9-2.csproj", "{006188F7-3B7D-4053-8919-D7226720B5E8}"
EndProject
Global
	GlobalSection(SolutionConfigurationPlatforms) = preSolution
		Debug|Any CPU = Debug|Any CPU
		Release|Any CPU = Release|Any CPU
	EndGlobalSection
	GlobalSection(ProjectConfigurationPlatforms) = postSolution
		{006188F7-3B7D-4053-8919-D7226720B5E8}.Debug|Any CPU.ActiveCfg = Debug|Any CPU
		{006188F7-3B7D-4053-8919-D7226720B5E8}.Debug|Any CPU.Build.0 = Debug|Any CPU
		{006188F7-3B7D-4053-8919-D7226720B5E8}.Release|Any CPU.ActiveCfg = Release|Any CPU
		{006188F7-3B7D-4053-8919-D7226720B5E8}.Release|Any CPU.Build.0 = Release|Any CPU
	EndGlobalSection
	GlobalSection(SolutionProperties) = preSolution
		HideSolutionNode = FALSE
	EndGlobalSection
EndGlobal
