
Microsoft Visual Studio Solution File, Format Version 10.00
# Visual Studio 2008
Project("{FAE04EC0-301F-11D3-BF4B-00C04F79EFBC}") = "8-6", "8-6\8-6.csproj", "{ED8A5FD5-6C09-448E-97DD-16B4961A7DFE}"
EndProject
Global
	GlobalSection(SolutionConfigurationPlatforms) = preSolution
		Debug|Any CPU = Debug|Any CPU
		Release|Any CPU = Release|Any CPU
	EndGlobalSection
	GlobalSection(ProjectConfigurationPlatforms) = postSolution
		{ED8A5FD5-6C09-448E-97DD-16B4961A7DFE}.Debug|Any CPU.ActiveCfg = Debug|Any CPU
		{ED8A5FD5-6C09-448E-97DD-16B4961A7DFE}.Debug|Any CPU.Build.0 = Debug|Any CPU
		{ED8A5FD5-6C09-448E-97DD-16B4961A7DFE}.Release|Any CPU.ActiveCfg = Release|Any CPU
		{ED8A5FD5-6C09-448E-97DD-16B4961A7DFE}.Release|Any CPU.Build.0 = Release|Any CPU
	EndGlobalSection
	GlobalSection(SolutionProperties) = preSolution
		HideSolutionNode = FALSE
	EndGlobalSection
EndGlobal
