
Microsoft Visual Studio Solution File, Format Version 10.00
# Visual Studio 2008
Project("{FAE04EC0-301F-11D3-BF4B-00C04F79EFBC}") = "5-7", "5-7\5-7.csproj", "{AF77FA0B-1B5C-47AD-8C86-7FD0E22020AD}"
EndProject
Global
	GlobalSection(SolutionConfigurationPlatforms) = preSolution
		Debug|Any CPU = Debug|Any CPU
		Release|Any CPU = Release|Any CPU
	EndGlobalSection
	GlobalSection(ProjectConfigurationPlatforms) = postSolution
		{AF77FA0B-1B5C-47AD-8C86-7FD0E22020AD}.Debug|Any CPU.ActiveCfg = Debug|Any CPU
		{AF77FA0B-1B5C-47AD-8C86-7FD0E22020AD}.Debug|Any CPU.Build.0 = Debug|Any CPU
		{AF77FA0B-1B5C-47AD-8C86-7FD0E22020AD}.Release|Any CPU.ActiveCfg = Release|Any CPU
		{AF77FA0B-1B5C-47AD-8C86-7FD0E22020AD}.Release|Any CPU.Build.0 = Release|Any CPU
	EndGlobalSection
	GlobalSection(SolutionProperties) = preSolution
		HideSolutionNode = FALSE
	EndGlobalSection
EndGlobal
