
Microsoft Visual Studio Solution File, Format Version 10.00
# Visual Studio 2008
Project("{FAE04EC0-301F-11D3-BF4B-00C04F79EFBC}") = "5-18", "5-18\5-18.csproj", "{0D88EE36-C5F3-4DDD-9B7B-035BFF8D8EA5}"
EndProject
Global
	GlobalSection(SolutionConfigurationPlatforms) = preSolution
		Debug|Any CPU = Debug|Any CPU
		Release|Any CPU = Release|Any CPU
	EndGlobalSection
	GlobalSection(ProjectConfigurationPlatforms) = postSolution
		{0D88EE36-C5F3-4DDD-9B7B-035BFF8D8EA5}.Debug|Any CPU.ActiveCfg = Debug|Any CPU
		{0D88EE36-C5F3-4DDD-9B7B-035BFF8D8EA5}.Debug|Any CPU.Build.0 = Debug|Any CPU
		{0D88EE36-C5F3-4DDD-9B7B-035BFF8D8EA5}.Release|Any CPU.ActiveCfg = Release|Any CPU
		{0D88EE36-C5F3-4DDD-9B7B-035BFF8D8EA5}.Release|Any CPU.Build.0 = Release|Any CPU
	EndGlobalSection
	GlobalSection(SolutionProperties) = preSolution
		HideSolutionNode = FALSE
	EndGlobalSection
EndGlobal
