
Microsoft Visual Studio Solution File, Format Version 10.00
# Visual Studio 2008
Project("{FAE04EC0-301F-11D3-BF4B-00C04F79EFBC}") = "15-1", "15-1\15-1.csproj", "{90489D6F-1762-426F-9B2B-79EE0FD58495}"
EndProject
Global
	GlobalSection(SolutionConfigurationPlatforms) = preSolution
		Debug|Any CPU = Debug|Any CPU
		Release|Any CPU = Release|Any CPU
	EndGlobalSection
	GlobalSection(ProjectConfigurationPlatforms) = postSolution
		{90489D6F-1762-426F-9B2B-79EE0FD58495}.Debug|Any CPU.ActiveCfg = Debug|Any CPU
		{90489D6F-1762-426F-9B2B-79EE0FD58495}.Debug|Any CPU.Build.0 = Debug|Any CPU
		{90489D6F-1762-426F-9B2B-79EE0FD58495}.Release|Any CPU.ActiveCfg = Release|Any CPU
		{90489D6F-1762-426F-9B2B-79EE0FD58495}.Release|Any CPU.Build.0 = Release|Any CPU
	EndGlobalSection
	GlobalSection(SolutionProperties) = preSolution
		HideSolutionNode = FALSE
	EndGlobalSection
EndGlobal
