
Microsoft Visual Studio Solution File, Format Version 10.00
# Visual Studio 2008
Project("{FAE04EC0-301F-11D3-BF4B-00C04F79EFBC}") = "16-2", "16-2\16-2.csproj", "{DE89D614-528A-4B81-A40A-554C2C3CAA5A}"
EndProject
Global
	GlobalSection(SolutionConfigurationPlatforms) = preSolution
		Debug|Any CPU = Debug|Any CPU
		Release|Any CPU = Release|Any CPU
	EndGlobalSection
	GlobalSection(ProjectConfigurationPlatforms) = postSolution
		{DE89D614-528A-4B81-A40A-554C2C3CAA5A}.Debug|Any CPU.ActiveCfg = Debug|Any CPU
		{DE89D614-528A-4B81-A40A-554C2C3CAA5A}.Debug|Any CPU.Build.0 = Debug|Any CPU
		{DE89D614-528A-4B81-A40A-554C2C3CAA5A}.Release|Any CPU.ActiveCfg = Release|Any CPU
		{DE89D614-528A-4B81-A40A-554C2C3CAA5A}.Release|Any CPU.Build.0 = Release|Any CPU
	EndGlobalSection
	GlobalSection(SolutionProperties) = preSolution
		HideSolutionNode = FALSE
	EndGlobalSection
EndGlobal
