
Microsoft Visual Studio Solution File, Format Version 10.00
# Visual Studio 2008
Project("{FAE04EC0-301F-11D3-BF4B-00C04F79EFBC}") = "15-4", "15-4\15-4.csproj", "{752D7405-83C1-47DF-ABB3-78A6CABADFDB}"
EndProject
Global
	GlobalSection(SolutionConfigurationPlatforms) = preSolution
		Debug|Any CPU = Debug|Any CPU
		Release|Any CPU = Release|Any CPU
	EndGlobalSection
	GlobalSection(ProjectConfigurationPlatforms) = postSolution
		{752D7405-83C1-47DF-ABB3-78A6CABADFDB}.Debug|Any CPU.ActiveCfg = Debug|Any CPU
		{752D7405-83C1-47DF-ABB3-78A6CABADFDB}.Debug|Any CPU.Build.0 = Debug|Any CPU
		{752D7405-83C1-47DF-ABB3-78A6CABADFDB}.Release|Any CPU.ActiveCfg = Release|Any CPU
		{752D7405-83C1-47DF-ABB3-78A6CABADFDB}.Release|Any CPU.Build.0 = Release|Any CPU
	EndGlobalSection
	GlobalSection(SolutionProperties) = preSolution
		HideSolutionNode = FALSE
	EndGlobalSection
EndGlobal
