
Microsoft Visual Studio Solution File, Format Version 10.00
# Visual Studio 2008
Project("{FAE04EC0-301F-11D3-BF4B-00C04F79EFBC}") = "14-6", "14-6\14-6.csproj", "{6AC7CC32-9B4F-4E53-8588-D3CEF0BF9700}"
EndProject
Global
	GlobalSection(SolutionConfigurationPlatforms) = preSolution
		Debug|Any CPU = Debug|Any CPU
		Release|Any CPU = Release|Any CPU
	EndGlobalSection
	GlobalSection(ProjectConfigurationPlatforms) = postSolution
		{6AC7CC32-9B4F-4E53-8588-D3CEF0BF9700}.Debug|Any CPU.ActiveCfg = Debug|Any CPU
		{6AC7CC32-9B4F-4E53-8588-D3CEF0BF9700}.Debug|Any CPU.Build.0 = Debug|Any CPU
		{6AC7CC32-9B4F-4E53-8588-D3CEF0BF9700}.Release|Any CPU.ActiveCfg = Release|Any CPU
		{6AC7CC32-9B4F-4E53-8588-D3CEF0BF9700}.Release|Any CPU.Build.0 = Release|Any CPU
	EndGlobalSection
	GlobalSection(SolutionProperties) = preSolution
		HideSolutionNode = FALSE
	EndGlobalSection
EndGlobal
