
Microsoft Visual Studio Solution File, Format Version 10.00
# Visual Studio 2008
Project("{FAE04EC0-301F-11D3-BF4B-00C04F79EFBC}") = "7-3", "7-3\7-3.csproj", "{6DFCBF5A-6414-4E2F-A42B-973D71C9F03B}"
EndProject
Global
	GlobalSection(SolutionConfigurationPlatforms) = preSolution
		Debug|Any CPU = Debug|Any CPU
		Release|Any CPU = Release|Any CPU
	EndGlobalSection
	GlobalSection(ProjectConfigurationPlatforms) = postSolution
		{6DFCBF5A-6414-4E2F-A42B-973D71C9F03B}.Debug|Any CPU.ActiveCfg = Debug|Any CPU
		{6DFCBF5A-6414-4E2F-A42B-973D71C9F03B}.Debug|Any CPU.Build.0 = Debug|Any CPU
		{6DFCBF5A-6414-4E2F-A42B-973D71C9F03B}.Release|Any CPU.ActiveCfg = Release|Any CPU
		{6DFCBF5A-6414-4E2F-A42B-973D71C9F03B}.Release|Any CPU.Build.0 = Release|Any CPU
	EndGlobalSection
	GlobalSection(SolutionProperties) = preSolution
		HideSolutionNode = FALSE
	EndGlobalSection
EndGlobal
