
Microsoft Visual Studio Solution File, Format Version 10.00
# Visual Studio 2008
Project("{FAE04EC0-301F-11D3-BF4B-00C04F79EFBC}") = "5-3", "5-3\5-3.csproj", "{6F241166-682C-4325-BEC9-A3C3747DC557}"
EndProject
Global
	GlobalSection(SolutionConfigurationPlatforms) = preSolution
		Debug|Any CPU = Debug|Any CPU
		Release|Any CPU = Release|Any CPU
	EndGlobalSection
	GlobalSection(ProjectConfigurationPlatforms) = postSolution
		{6F241166-682C-4325-BEC9-A3C3747DC557}.Debug|Any CPU.ActiveCfg = Debug|Any CPU
		{6F241166-682C-4325-BEC9-A3C3747DC557}.Debug|Any CPU.Build.0 = Debug|Any CPU
		{6F241166-682C-4325-BEC9-A3C3747DC557}.Release|Any CPU.ActiveCfg = Release|Any CPU
		{6F241166-682C-4325-BEC9-A3C3747DC557}.Release|Any CPU.Build.0 = Release|Any CPU
	EndGlobalSection
	GlobalSection(SolutionProperties) = preSolution
		HideSolutionNode = FALSE
	EndGlobalSection
EndGlobal
