
Microsoft Visual Studio Solution File, Format Version 10.00
# Visual Studio 2008
Project("{FAE04EC0-301F-11D3-BF4B-00C04F79EFBC}") = "5-19", "5-19\5-19.csproj", "{929A654F-4EFE-4E7A-A745-DE5C7A5A3517}"
EndProject
Global
	GlobalSection(SolutionConfigurationPlatforms) = preSolution
		Debug|Any CPU = Debug|Any CPU
		Release|Any CPU = Release|Any CPU
	EndGlobalSection
	GlobalSection(ProjectConfigurationPlatforms) = postSolution
		{929A654F-4EFE-4E7A-A745-DE5C7A5A3517}.Debug|Any CPU.ActiveCfg = Debug|Any CPU
		{929A654F-4EFE-4E7A-A745-DE5C7A5A3517}.Debug|Any CPU.Build.0 = Debug|Any CPU
		{929A654F-4EFE-4E7A-A745-DE5C7A5A3517}.Release|Any CPU.ActiveCfg = Release|Any CPU
		{929A654F-4EFE-4E7A-A745-DE5C7A5A3517}.Release|Any CPU.Build.0 = Release|Any CPU
	EndGlobalSection
	GlobalSection(SolutionProperties) = preSolution
		HideSolutionNode = FALSE
	EndGlobalSection
EndGlobal
