
Microsoft Visual Studio Solution File, Format Version 10.00
# Visual Studio 2008
Project("{FAE04EC0-301F-11D3-BF4B-00C04F79EFBC}") = "10-1", "10-1\10-1.csproj", "{448B6FC3-DB40-4D68-87E1-8EC8933B2551}"
EndProject
Global
	GlobalSection(SolutionConfigurationPlatforms) = preSolution
		Debug|Any CPU = Debug|Any CPU
		Release|Any CPU = Release|Any CPU
	EndGlobalSection
	GlobalSection(ProjectConfigurationPlatforms) = postSolution
		{448B6FC3-DB40-4D68-87E1-8EC8933B2551}.Debug|Any CPU.ActiveCfg = Debug|Any CPU
		{448B6FC3-DB40-4D68-87E1-8EC8933B2551}.Debug|Any CPU.Build.0 = Debug|Any CPU
		{448B6FC3-DB40-4D68-87E1-8EC8933B2551}.Release|Any CPU.ActiveCfg = Release|Any CPU
		{448B6FC3-DB40-4D68-87E1-8EC8933B2551}.Release|Any CPU.Build.0 = Release|Any CPU
	EndGlobalSection
	GlobalSection(SolutionProperties) = preSolution
		HideSolutionNode = FALSE
	EndGlobalSection
EndGlobal
