
Microsoft Visual Studio Solution File, Format Version 10.00
# Visual Studio 2008
Project("{FAE04EC0-301F-11D3-BF4B-00C04F79EFBC}") = "21-6", "21-6\21-6.csproj", "{C0039011-FB27-4B28-96BD-31A2A216165F}"
EndProject
Global
	GlobalSection(SolutionConfigurationPlatforms) = preSolution
		Debug|Any CPU = Debug|Any CPU
		Release|Any CPU = Release|Any CPU
	EndGlobalSection
	GlobalSection(ProjectConfigurationPlatforms) = postSolution
		{C0039011-FB27-4B28-96BD-31A2A216165F}.Debug|Any CPU.ActiveCfg = Debug|Any CPU
		{C0039011-FB27-4B28-96BD-31A2A216165F}.Debug|Any CPU.Build.0 = Debug|Any CPU
		{C0039011-FB27-4B28-96BD-31A2A216165F}.Release|Any CPU.ActiveCfg = Release|Any CPU
		{C0039011-FB27-4B28-96BD-31A2A216165F}.Release|Any CPU.Build.0 = Release|Any CPU
	EndGlobalSection
	GlobalSection(SolutionProperties) = preSolution
		HideSolutionNode = FALSE
	EndGlobalSection
EndGlobal
