
Microsoft Visual Studio Solution File, Format Version 10.00
# Visual Studio 2008
Project("{FAE04EC0-301F-11D3-BF4B-00C04F79EFBC}") = "13-3", "13-3\13-3.csproj", "{006DD350-8F4B-4464-A43B-D6750488CC30}"
EndProject
Global
	GlobalSection(SolutionConfigurationPlatforms) = preSolution
		Debug|Any CPU = Debug|Any CPU
		Release|Any CPU = Release|Any CPU
	EndGlobalSection
	GlobalSection(ProjectConfigurationPlatforms) = postSolution
		{006DD350-8F4B-4464-A43B-D6750488CC30}.Debug|Any CPU.ActiveCfg = Debug|Any CPU
		{006DD350-8F4B-4464-A43B-D6750488CC30}.Debug|Any CPU.Build.0 = Debug|Any CPU
		{006DD350-8F4B-4464-A43B-D6750488CC30}.Release|Any CPU.ActiveCfg = Release|Any CPU
		{006DD350-8F4B-4464-A43B-D6750488CC30}.Release|Any CPU.Build.0 = Release|Any CPU
	EndGlobalSection
	GlobalSection(SolutionProperties) = preSolution
		HideSolutionNode = FALSE
	EndGlobalSection
EndGlobal
